// !$*UTF8*$!
{
	archiveVersion = 1;
	classes = {
	};
	objectVersion = 56;
	objects = {

/* Begin PBXBuildFile section */
		87D7F3372AB249EA004C1542 /* main.cpp in Sources */ = {isa = PBXBuildFile; fileRef = 87D7F3362AB249EA004C1542 /* main.cpp */; };
		87D7F3432AB24AFB004C1542 /* libsfml-network.2.6.0.dylib in Frameworks */ = {isa = PBXBuildFile; fileRef = 87D7F33E2AB24AFB004C1542 /* libsfml-network.2.6.0.dylib */; };
		87D7F3442AB24AFB004C1542 /* libsfml-window.2.6.0.dylib in Frameworks */ = {isa = PBXBuildFile; fileRef = 87D7F33F2AB24AFB004C1542 /* libsfml-window.2.6.0.dylib */; };
		87D7F3452AB24AFB004C1542 /* libsfml-audio.2.6.0.dylib in Frameworks */ = {isa = PBXBuildFile; fileRef = 87D7F3402AB24AFB004C1542 /* libsfml-audio.2.6.0.dylib */; };
		87D7F3462AB24AFB004C1542 /* libsfml-graphics.2.6.0.dylib in Frameworks */ = {isa = PBXBuildFile; fileRef = 87D7F3412AB24AFB004C1542 /* libsfml-graphics.2.6.0.dylib */; };
		87D7F3472AB24AFB004C1542 /* libsfml-system.2.6.0.dylib in Frameworks */ = {isa = PBXBuildFile; fileRef = 87D7F3422AB24AFB004C1542 /* libsfml-system.2.6.0.dylib */; };
/* End PBXBuildFile section */

/* Begin PBXCopyFilesBuildPhase section */
		87D7F3312AB249EA004C1542 /* CopyFiles */ = {
			isa = PBXCopyFilesBuildPhase;
			buildActionMask = 2147483647;
			dstPath = /usr/share/man/man1/;
			dstSubfolderSpec = 0;
			files = (
			);
			runOnlyForDeploymentPostprocessing = 1;
		};
/* End PBXCopyFilesBuildPhase section */

/* Begin PBXFileReference section */
		87D7F3332AB249EA004C1542 /* PleaseTanks */ = {isa = PBXFileReference; explicitFileType = "compiled.mach-o.executable"; includeInIndex = 0; path = PleaseTanks; sourceTree = BUILT_PRODUCTS_DIR; };
		87D7F3362AB249EA004C1542 /* main.cpp */ = {isa = PBXFileReference; lastKnownFileType = sourcecode.cpp.cpp; path = main.cpp; sourceTree = "<group>"; };
		87D7F33E2AB24AFB004C1542 /* libsfml-network.2.6.0.dylib */ = {isa = PBXFileReference; lastKnownFileType = "compiled.mach-o.dylib"; name = "libsfml-network.2.6.0.dylib"; path = "ExternalLibraries/SFML/lib/libsfml-network.2.6.0.dylib"; sourceTree = "<group>"; };
		87D7F33F2AB24AFB004C1542 /* libsfml-window.2.6.0.dylib */ = {isa = PBXFileReference; lastKnownFileType = "compiled.mach-o.dylib"; name = "libsfml-window.2.6.0.dylib"; path = "ExternalLibraries/SFML/lib/libsfml-window.2.6.0.dylib"; sourceTree = "<group>"; };
		87D7F3402AB24AFB004C1542 /* libsfml-audio.2.6.0.dylib */ = {isa = PBXFileReference; lastKnownFileType = "compiled.mach-o.dylib"; name = "libsfml-audio.2.6.0.dylib"; path = "ExternalLibraries/SFML/lib/libsfml-audio.2.6.0.dylib"; sourceTree = "<group>"; };
		87D7F3412AB24AFB004C1542 /* libsfml-graphics.2.6.0.dylib */ = {isa = PBXFileReference; lastKnownFileType = "compiled.mach-o.dylib"; name = "libsfml-graphics.2.6.0.dylib"; path = "ExternalLibraries/SFML/lib/libsfml-graphics.2.6.0.dylib"; sourceTree = "<group>"; };
		87D7F3422AB24AFB004C1542 /* libsfml-system.2.6.0.dylib */ = {isa = PBXFileReference; lastKnownFileType = "compiled.mach-o.dylib"; name = "libsfml-system.2.6.0.dylib"; path = "ExternalLibraries/SFML/lib/libsfml-system.2.6.0.dylib"; sourceTree = "<group>"; };
		87D7F3512AB24BD8004C1542 /* Hull_01.png */ = {isa = PBXFileReference; lastKnownFileType = image.png; path = Hull_01.png; sourceTree = "<group>"; };
		87D7F3522AB24BD8004C1542 /* Hull_03.png */ = {isa = PBXFileReference; lastKnownFileType = image.png; path = Hull_03.png; sourceTree = "<group>"; };
		87D7F3532AB24BD8004C1542 /* Track_1_A.png */ = {isa = PBXFileReference; lastKnownFileType = image.png; path = Track_1_A.png; sourceTree = "<group>"; };
/* End PBXFileReference section */

/* Begin PBXFrameworksBuildPhase section */
		87D7F3302AB249EA004C1542 /* Frameworks */ = {
			isa = PBXFrameworksBuildPhase;
			buildActionMask = 2147483647;
			files = (
				87D7F3432AB24AFB004C1542 /* libsfml-network.2.6.0.dylib in Frameworks */,
				87D7F3442AB24AFB004C1542 /* libsfml-window.2.6.0.dylib in Frameworks */,
				87D7F3452AB24AFB004C1542 /* libsfml-audio.2.6.0.dylib in Frameworks */,
				87D7F3462AB24AFB004C1542 /* libsfml-graphics.2.6.0.dylib in Frameworks */,
				87D7F3472AB24AFB004C1542 /* libsfml-system.2.6.0.dylib in Frameworks */,
			);
			runOnlyForDeploymentPostprocessing = 0;
		};
/* End PBXFrameworksBuildPhase section */

/* Begin PBXGroup section */
		87D7F32A2AB249EA004C1542 = {
			isa = PBXGroup;
			children = (
				87D7F3502AB24BD8004C1542 /* images */,
				87D7F3352AB249EA004C1542 /* PleaseTanks */,
				87D7F3342AB249EA004C1542 /* Products */,
				87D7F33D2AB24AFB004C1542 /* Frameworks */,
			);
			sourceTree = "<group>";
		};
		87D7F3342AB249EA004C1542 /* Products */ = {
			isa = PBXGroup;
			children = (
				87D7F3332AB249EA004C1542 /* PleaseTanks */,
			);
			name = Products;
			sourceTree = "<group>";
		};
		87D7F3352AB249EA004C1542 /* PleaseTanks */ = {
			isa = PBXGroup;
			children = (
				87D7F3362AB249EA004C1542 /* main.cpp */,
			);
			path = PleaseTanks;
			sourceTree = "<group>";
		};
		87D7F33D2AB24AFB004C1542 /* Frameworks */ = {
			isa = PBXGroup;
			children = (
				87D7F3402AB24AFB004C1542 /* libsfml-audio.2.6.0.dylib */,
				87D7F3412AB24AFB004C1542 /* libsfml-graphics.2.6.0.dylib */,
				87D7F33E2AB24AFB004C1542 /* libsfml-network.2.6.0.dylib */,
				87D7F3422AB24AFB004C1542 /* libsfml-system.2.6.0.dylib */,
				87D7F33F2AB24AFB004C1542 /* libsfml-window.2.6.0.dylib */,
			);
			name = Frameworks;
			sourceTree = "<group>";
		};
		87D7F3502AB24BD8004C1542 /* images */ = {
			isa = PBXGroup;
			children = (
				87D7F3512AB24BD8004C1542 /* Hull_01.png */,
				87D7F3522AB24BD8004C1542 /* Hull_03.png */,
				87D7F3532AB24BD8004C1542 /* Track_1_A.png */,
			);
			path = images;
			sourceTree = "<group>";
		};
/* End PBXGroup section */

/* Begin PBXNativeTarget section */
		87D7F3322AB249EA004C1542 /* PleaseTanks */ = {
			isa = PBXNativeTarget;
			buildConfigurationList = 87D7F33A2AB249EA004C1542 /* Build configuration list for PBXNativeTarget "PleaseTanks" */;
			buildPhases = (
				87D7F32F2AB249EA004C1542 /* Sources */,
				87D7F3302AB249EA004C1542 /* Frameworks */,
				87D7F3312AB249EA004C1542 /* CopyFiles */,
			);
			buildRules = (
			);
			dependencies = (
			);
			name = PleaseTanks;
			productName = PleaseTanks;
			productReference = 87D7F3332AB249EA004C1542 /* PleaseTanks */;
			productType = "com.apple.product-type.tool";
		};
/* End PBXNativeTarget section */

/* Begin PBXProject section */
		87D7F32B2AB249EA004C1542 /* Project object */ = {
			isa = PBXProject;
			attributes = {
				BuildIndependentTargetsInParallel = 1;
				LastUpgradeCheck = 1400;
				TargetAttributes = {
					87D7F3322AB249EA004C1542 = {
						CreatedOnToolsVersion = 14.0;
					};
				};
			};
			buildConfigurationList = 87D7F32E2AB249EA004C1542 /* Build configuration list for PBXProject "PleaseTanks" */;
			compatibilityVersion = "Xcode 14.0";
			developmentRegion = en;
			hasScannedForEncodings = 0;
			knownRegions = (
				en,
				Base,
			);
			mainGroup = 87D7F32A2AB249EA004C1542;
			productRefGroup = 87D7F3342AB249EA004C1542 /* Products */;
			projectDirPath = "";
			projectRoot = "";
			targets = (
				87D7F3322AB249EA004C1542 /* PleaseTanks */,
			);
		};
/* End PBXProject section */

/* Begin PBXSourcesBuildPhase section */
		87D7F32F2AB249EA004C1542 /* Sources */ = {
			isa = PBXSourcesBuildPhase;
			buildActionMask = 2147483647;
			files = (
				87D7F3372AB249EA004C1542 /* main.cpp in Sources */,
			);
			runOnlyForDeploymentPostprocessing = 0;
		};
/* End PBXSourcesBuildPhase section */

/* Begin XCBuildConfiguration section */
		87D7F3382AB249EA004C1542 /* Debug */ = {
			isa = XCBuildConfiguration;
			buildSettings = {
				ALWAYS_SEARCH_USER_PATHS = NO;
				CLANG_ANALYZER_NONNULL = YES;
				CLANG_ANALYZER_NUMBER_OBJECT_CONVERSION = YES_AGGRESSIVE;
				CLANG_CXX_LANGUAGE_STANDARD = "gnu++20";
				CLANG_ENABLE_MODULES = YES;
				CLANG_ENABLE_OBJC_ARC = YES;
				CLANG_ENABLE_OBJC_WEAK = YES;
				CLANG_WARN_BLOCK_CAPTURE_AUTORELEASING = YES;
				CLANG_WARN_BOOL_CONVERSION = YES;
				CLANG_WARN_COMMA = YES;
				CLANG_WARN_CONSTANT_CONVERSION = YES;
				CLANG_WARN_DEPRECATED_OBJC_IMPLEMENTATIONS = YES;
				CLANG_WARN_DIRECT_OBJC_ISA_USAGE = YES_ERROR;
				CLANG_WARN_DOCUMENTATION_COMMENTS = YES;
				CLANG_WARN_EMPTY_BODY = YES;
				CLANG_WARN_ENUM_CONVERSION = YES;
				CLANG_WARN_INFINITE_RECURSION = YES;
				CLANG_WARN_INT_CONVERSION = YES;
				CLANG_WARN_NON_LITERAL_NULL_CONVERSION = YES;
				CLANG_WARN_OBJC_IMPLICIT_RETAIN_SELF = YES;
				CLANG_WARN_OBJC_LITERAL_CONVERSION = YES;
				CLANG_WARN_OBJC_ROOT_CLASS = YES_ERROR;
				CLANG_WARN_QUOTED_INCLUDE_IN_FRAMEWORK_HEADER = YES;
				CLANG_WARN_RANGE_LOOP_ANALYSIS = YES;
				CLANG_WARN_STRICT_PROTOTYPES = YES;
				CLANG_WARN_SUSPICIOUS_MOVE = YES;
				CLANG_WARN_UNGUARDED_AVAILABILITY = YES_AGGRESSIVE;
				CLANG_WARN_UNREACHABLE_CODE = YES;
				CLANG_WARN__DUPLICATE_METHOD_MATCH = YES;
				COPY_PHASE_STRIP = NO;
				DEBUG_INFORMATION_FORMAT = dwarf;
				ENABLE_STRICT_OBJC_MSGSEND = YES;
				ENABLE_TESTABILITY = YES;
				GCC_C_LANGUAGE_STANDARD = gnu11;
				GCC_DYNAMIC_NO_PIC = NO;
				GCC_NO_COMMON_BLOCKS = YES;
				GCC_OPTIMIZATION_LEVEL = 0;
				GCC_PREPROCESSOR_DEFINITIONS = (
					"DEBUG=1",
					"$(inherited)",
				);
				GCC_WARN_64_TO_32_BIT_CONVERSION = YES;
				GCC_WARN_ABOUT_RETURN_TYPE = YES_ERROR;
				GCC_WARN_UNDECLARED_SELECTOR = YES;
				GCC_WARN_UNINITIALIZED_AUTOS = YES_AGGRESSIVE;
				GCC_WARN_UNUSED_FUNCTION = YES;
				GCC_WARN_UNUSED_VARIABLE = YES;
				MACOSX_DEPLOYMENT_TARGET = 12.3;
				MTL_ENABLE_DEBUG_INFO = INCLUDE_SOURCE;
				MTL_FAST_MATH = YES;
				ONLY_ACTIVE_ARCH = YES;
				SDKROOT = macosx;
			};
			name = Debug;
		};
		87D7F3392AB249EA004C1542 /* Release */ = {
			isa = XCBuildConfiguration;
			buildSettings = {
				ALWAYS_SEARCH_USER_PATHS = NO;
				CLANG_ANALYZER_NONNULL = YES;
				CLANG_ANALYZER_NUMBER_OBJECT_CONVERSION = YES_AGGRESSIVE;
				CLANG_CXX_LANGUAGE_STANDARD = "gnu++20";
				CLANG_ENABLE_MODULES = YES;
				CLANG_ENABLE_OBJC_ARC = YES;
				CLANG_ENABLE_OBJC_WEAK = YES;
				CLANG_WARN_BLOCK_CAPTURE_AUTORELEASING = YES;
				CLANG_WARN_BOOL_CONVERSION = YES;
				CLANG_WARN_COMMA = YES;
				CLANG_WARN_CONSTANT_CONVERSION = YES;
				CLANG_WARN_DEPRECATED_OBJC_IMPLEMENTATIONS = YES;
				CLANG_WARN_DIRECT_OBJC_ISA_USAGE = YES_ERROR;
				CLANG_WARN_DOCUMENTATION_COMMENTS = YES;
				CLANG_WARN_EMPTY_BODY = YES;
				CLANG_WARN_ENUM_CONVERSION = YES;
				CLANG_WARN_INFINITE_RECURSION = YES;
				CLANG_WARN_INT_CONVERSION = YES;
				CLANG_WARN_NON_LITERAL_NULL_CONVERSION = YES;
				CLANG_WARN_OBJC_IMPLICIT_RETAIN_SELF = YES;
				CLANG_WARN_OBJC_LITERAL_CONVERSION = YES;
				CLANG_WARN_OBJC_ROOT_CLASS = YES_ERROR;
				CLANG_WARN_QUOTED_INCLUDE_IN_FRAMEWORK_HEADER = YES;
				CLANG_WARN_RANGE_LOOP_ANALYSIS = YES;
				CLANG_WARN_STRICT_PROTOTYPES = YES;
				CLANG_WARN_SUSPICIOUS_MOVE = YES;
				CLANG_WARN_UNGUARDED_AVAILABILITY = YES_AGGRESSIVE;
				CLANG_WARN_UNREACHABLE_CODE = YES;
				CLANG_WARN__DUPLICATE_METHOD_MATCH = YES;
				COPY_PHASE_STRIP = NO;
				DEBUG_INFORMATION_FORMAT = "dwarf-with-dsym";
				ENABLE_NS_ASSERTIONS = NO;
				ENABLE_STRICT_OBJC_MSGSEND = YES;
				GCC_C_LANGUAGE_STANDARD = gnu11;
				GCC_NO_COMMON_BLOCKS = YES;
				GCC_WARN_64_TO_32_BIT_CONVERSION = YES;
				GCC_WARN_ABOUT_RETURN_TYPE = YES_ERROR;
				GCC_WARN_UNDECLARED_SELECTOR = YES;
				GCC_WARN_UNINITIALIZED_AUTOS = YES_AGGRESSIVE;
				GCC_WARN_UNUSED_FUNCTION = YES;
				GCC_WARN_UNUSED_VARIABLE = YES;
				MACOSX_DEPLOYMENT_TARGET = 12.3;
				MTL_ENABLE_DEBUG_INFO = NO;
				MTL_FAST_MATH = YES;
				SDKROOT = macosx;
			};
			name = Release;
		};
		87D7F33B2AB249EA004C1542 /* Debug */ = {
			isa = XCBuildConfiguration;
			buildSettings = {
				CODE_SIGN_STYLE = Automatic;
				HEADER_SEARCH_PATHS = "${SRCROOT}/ExternalLibraries/SFML/include/**";
				LIBRARY_SEARCH_PATHS = (
					"/opt/homebrew/Cellar/sfml/2.6.0/lib/**",
					"${SRCROOT}/ExternalLibraries/SFML/lib/**",
					"$(PROJECT_DIR)/ExternalLibraries/SFML/lib",
				);
				PRODUCT_NAME = "$(TARGET_NAME)";
			};
			name = Debug;
		};
		87D7F33C2AB249EA004C1542 /* Release */ = {
			isa = XCBuildConfiguration;
			buildSettings = {
				CODE_SIGN_STYLE = Automatic;
				HEADER_SEARCH_PATHS = "${SRCROOT}/ExternalLibraries/SFML/include/**";
				LIBRARY_SEARCH_PATHS = (
					"/opt/homebrew/Cellar/sfml/2.6.0/lib/**",
					"${SRCROOT}/ExternalLibraries/SFML/lib/**",
					"$(PROJECT_DIR)/ExternalLibraries/SFML/lib",
				);
				PRODUCT_NAME = "$(TARGET_NAME)";
			};
			name = Release;
		};
/* End XCBuildConfiguration section */

/* Begin XCConfigurationList section */
		87D7F32E2AB249EA004C1542 /* Build configuration list for PBXProject "PleaseTanks" */ = {
			isa = XCConfigurationList;
			buildConfigurations = (
				87D7F3382AB249EA004C1542 /* Debug */,
				87D7F3392AB249EA004C1542 /* Release */,
			);
			defaultConfigurationIsVisible = 0;
			defaultConfigurationName = Release;
		};
		87D7F33A2AB249EA004C1542 /* Build configuration list for PBXNativeTarget "PleaseTanks" */ = {
			isa = XCConfigurationList;
			buildConfigurations = (
				87D7F33B2AB249EA004C1542 /* Debug */,
				87D7F33C2AB249EA004C1542 /* Release */,
			);
			defaultConfigurationIsVisible = 0;
			defaultConfigurationName = Release;
		};
/* End XCConfigurationList section */
	};
	rootObject = 87D7F32B2AB249EA004C1542 /* Project object */;
}
